<?xml version="1.0" encoding="utf-8"?>
<Project ToolsVersion="4.0" xmlns="http://schemas.microsoft.com/developer/msbuild/2003">
  <ItemGroup>
    <Filter Include="Resource Files">
      <UniqueIdentifier>{67DA6AB6-F800-4c08-8B7A-83BB121AAD01}</UniqueIdentifier>
      <Extensions>rc;ico;cur;bmp;dlg;rc2;rct;bin;rgs;gif;jpg;jpeg;jpe;resx;tiff;tif;png;wav;mfcribbon-ms</Extensions>
    </Filter>
    <Filter Include="shader">
      <UniqueIdentifier>{76501dc6-d66c-4bcd-95fe-2c70a82a1c82}</UniqueIdentifier>
    </Filter>
  </ItemGroup>
  <ItemGroup>
    <ClCompile Include="Camera.cpp" />
    <ClCompile Include="Cube.cpp" />
    <ClCompile Include="Group.cpp" />
    <ClCompile Include="main.cpp" />
    <ClCompile Include="Matrix4d.cpp" />
    <ClCompile Include="MatrixTransform.cpp" />
    <ClCompile Include="parser.cpp" />
    <ClCompile Include="Sphere.cpp" />
    <ClCompile Include="Vector3d.cpp" />
    <ClCompile Include="Vector4.cpp" />
    <ClCompile Include="Window.cpp" />
    <ClCompile Include="FrustumCulling.cpp" />
    <ClCompile Include="Material.cpp" />
    <ClCompile Include="Light.cpp" />
    <ClCompile Include="Cone.cpp" />
    <ClCompile Include="ObjNode.cpp" />
    <ClCompile Include="shader.cpp" />
  </ItemGroup>
  <ItemGroup>
    <ClInclude Include="Camera.h" />
    <ClInclude Include="Const.h" />
    <ClInclude Include="Cube.h" />
    <ClInclude Include="Debug.h" />
    <ClInclude Include="Geode.h" />
    <ClInclude Include="Group.h" />
    <ClInclude Include="Matrix4d.h" />
    <ClInclude Include="MatrixTransform.h" />
    <ClInclude Include="Node.h" />
    <ClInclude Include="parser.h" />
    <ClInclude Include="Sphere.h" />
    <ClInclude Include="Vector3d.h" />
    <ClInclude Include="Vector4d.h" />
    <ClInclude Include="Window.h" />
    <ClInclude Include="FrustumCulling.h" />
    <ClInclude Include="Material.h" />
    <ClInclude Include="Light.h" />
    <ClInclude Include="Cone.h" />
    <ClInclude Include="ObjNode.h" />
    <ClInclude Include="shader.h" />
  </ItemGroup>
  <ItemGroup>
    <None Include="shaders\spotlight.frag">
      <Filter>shader</Filter>
    </None>
    <None Include="shaders\spotlight.vert">
      <Filter>shader</Filter>
    </None>
  </ItemGroup>
</Project>